// !$*UTF8*$!
{
	archiveVersion = 1;
	classes = {
	};
	objectVersion = 46;
	objects = {

/* Begin PBXBuildFile section */
		B5099DAF1A10127F0005DAC6 /* OpenGL.framework in Frameworks */ = {isa = PBXBuildFile; fileRef = B5099DAE1A10127F0005DAC6 /* OpenGL.framework */; };
		B51B33FA1A57916100DD8D35 /* sphere.cpp in Sources */ = {isa = PBXBuildFile; fileRef = B51B33F81A57916100DD8D35 /* sphere.cpp */; };
		B51B350E1A57AABF00DD8D35 /* libLinearMath.a in Frameworks */ = {isa = PBXBuildFile; fileRef = B51B350D1A57AABF00DD8D35 /* libLinearMath.a */; };
		B51B35111A57AC0400DD8D35 /* physics.cpp in Sources */ = {isa = PBXBuildFile; fileRef = B51B350F1A57AC0400DD8D35 /* physics.cpp */; };
		B51B35131A57AF5100DD8D35 /* libBulletCollision.a in Frameworks */ = {isa = PBXBuildFile; fileRef = B51B35121A57AF5100DD8D35 /* libBulletCollision.a */; };
		B51B35151A57AF5700DD8D35 /* libBulletDynamics.a in Frameworks */ = {isa = PBXBuildFile; fileRef = B51B35141A57AF5700DD8D35 /* libBulletDynamics.a */; };
		B525BB031A6603DF0009E630 /* material.cpp in Sources */ = {isa = PBXBuildFile; fileRef = B525BB011A6603DF0009E630 /* material.cpp */; };
		B54F9DAE1A10399D00F550EA /* io.cpp in Sources */ = {isa = PBXBuildFile; fileRef = B54F9D991A10399D00F550EA /* io.cpp */; };
		B54F9DAF1A10399D00F550EA /* main.cpp in Sources */ = {isa = PBXBuildFile; fileRef = B54F9D9C1A10399D00F550EA /* main.cpp */; };
		B54F9DB01A10399D00F550EA /* aiSpecialNode.cpp in Sources */ = {isa = PBXBuildFile; fileRef = B54F9D9E1A10399D00F550EA /* aiSpecialNode.cpp */; };
		B54F9DB11A10399D00F550EA /* dif.cpp in Sources */ = {isa = PBXBuildFile; fileRef = B54F9DA01A10399D00F550EA /* dif.cpp */; };
		B54F9DB21A10399D00F550EA /* forceField.cpp in Sources */ = {isa = PBXBuildFile; fileRef = B54F9DA21A10399D00F550EA /* forceField.cpp */; };
		B54F9DB31A10399D00F550EA /* gameEntity.cpp in Sources */ = {isa = PBXBuildFile; fileRef = B54F9DA41A10399D00F550EA /* gameEntity.cpp */; };
		B54F9DB41A10399D00F550EA /* interior.cpp in Sources */ = {isa = PBXBuildFile; fileRef = B54F9DA61A10399D00F550EA /* interior.cpp */; };
		B54F9DB51A10399D00F550EA /* interiorPathFollower.cpp in Sources */ = {isa = PBXBuildFile; fileRef = B54F9DA81A10399D00F550EA /* interiorPathFollower.cpp */; };
		B54F9DB61A10399D00F550EA /* trigger.cpp in Sources */ = {isa = PBXBuildFile; fileRef = B54F9DAA1A10399D00F550EA /* trigger.cpp */; };
		B54F9DB71A10399D00F550EA /* vehicleCollision.cpp in Sources */ = {isa = PBXBuildFile; fileRef = B54F9DAC1A10399D00F550EA /* vehicleCollision.cpp */; };
		B55C04F31A6613130052C528 /* scene.cpp in Sources */ = {isa = PBXBuildFile; fileRef = B55C04F11A6613130052C528 /* scene.cpp */; };
		B56838C11A58AFC30053C982 /* pathedInterior.cpp in Sources */ = {isa = PBXBuildFile; fileRef = B56838BF1A58AFC30053C982 /* pathedInterior.cpp */; };
		B56BFDE31A6344A500B2BDDE /* shader.cpp in Sources */ = {isa = PBXBuildFile; fileRef = B56BFDE11A6344A500B2BDDE /* shader.cpp */; };
		B56BFDEC1A63520400B2BDDE /* vertexShader.glsl in CopyFiles */ = {isa = PBXBuildFile; fileRef = B56BFDE51A63498100B2BDDE /* vertexShader.glsl */; };
		B56BFDED1A63520500B2BDDE /* fragmentShader.glsl in CopyFiles */ = {isa = PBXBuildFile; fileRef = B56BFDE61A634A0400B2BDDE /* fragmentShader.glsl */; };
		B57369CC1A648C23006447A4 /* libmng.a in Frameworks */ = {isa = PBXBuildFile; fileRef = B566A6951A12EE54003D6BEA /* libmng.a */; };
		B58E54C81A215B0700304A9B /* math.cpp in Sources */ = {isa = PBXBuildFile; fileRef = B58E54C71A215B0700304A9B /* math.cpp */; };
		B5BC0E371A1423DE00D86A8D /* interiorRender.cpp in Sources */ = {isa = PBXBuildFile; fileRef = B5BC0E361A1423DE00D86A8D /* interiorRender.cpp */; };
		B5CC8E9A1A13090A0037BFF7 /* libz.dylib in Frameworks */ = {isa = PBXBuildFile; fileRef = B5CC8E991A13090A0037BFF7 /* libz.dylib */; };
		B5D92CA71A100DD7000A36CB /* SDL2.framework in Frameworks */ = {isa = PBXBuildFile; fileRef = B5D92CA61A100DD7000A36CB /* SDL2.framework */; };
		B5E0CD9C1A13F41200BB4291 /* jpegsupport.cpp in Sources */ = {isa = PBXBuildFile; fileRef = B5E0CD981A13F41200BB4291 /* jpegsupport.cpp */; };
		B5E0CD9D1A13F41200BB4291 /* mngsupport.cpp in Sources */ = {isa = PBXBuildFile; fileRef = B5E0CD9A1A13F41200BB4291 /* mngsupport.cpp */; };
		B5E0CDA01A13F43B00BB4291 /* texture.cpp in Sources */ = {isa = PBXBuildFile; fileRef = B5E0CD9F1A13F43B00BB4291 /* texture.cpp */; };
/* End PBXBuildFile section */

/* Begin PBXContainerItemProxy section */
		B566A6941A12EE54003D6BEA /* PBXContainerItemProxy */ = {
			isa = PBXContainerItemProxy;
			containerPortal = B566A6901A12EE54003D6BEA /* mng.xcodeproj */;
			proxyType = 2;
			remoteGlobalIDString = B566A6271A12ED23003D6BEA;
			remoteInfo = libmng;
		};
		B566A6BD1A12EFFD003D6BEA /* PBXContainerItemProxy */ = {
			isa = PBXContainerItemProxy;
			containerPortal = B566A6901A12EE54003D6BEA /* mng.xcodeproj */;
			proxyType = 1;
			remoteGlobalIDString = B566A6261A12ED23003D6BEA;
			remoteInfo = mng;
		};
/* End PBXContainerItemProxy section */

/* Begin PBXCopyFilesBuildPhase section */
		B56BFDEB1A63520100B2BDDE /* CopyFiles */ = {
			isa = PBXCopyFilesBuildPhase;
			buildActionMask = 2147483647;
			dstPath = "";
			dstSubfolderSpec = 16;
			files = (
				B56BFDEC1A63520400B2BDDE /* vertexShader.glsl in CopyFiles */,
				B56BFDED1A63520500B2BDDE /* fragmentShader.glsl in CopyFiles */,
			);
			runOnlyForDeploymentPostprocessing = 0;
		};
/* End PBXCopyFilesBuildPhase section */

/* Begin PBXFileReference section */
		B5099DAE1A10127F0005DAC6 /* OpenGL.framework */ = {isa = PBXFileReference; lastKnownFileType = wrapper.framework; name = OpenGL.framework; path = System/Library/Frameworks/OpenGL.framework; sourceTree = SDKROOT; };
		B51B33F61A57846100DD8D35 /* ray.h */ = {isa = PBXFileReference; lastKnownFileType = sourcecode.c.h; path = ray.h; sourceTree = "<group>"; };
		B51B33F81A57916100DD8D35 /* sphere.cpp */ = {isa = PBXFileReference; fileEncoding = 4; lastKnownFileType = sourcecode.cpp.cpp; name = sphere.cpp; path = DifViewer/game/sphere.cpp; sourceTree = SOURCE_ROOT; };
		B51B33F91A57916100DD8D35 /* sphere.h */ = {isa = PBXFileReference; fileEncoding = 4; lastKnownFileType = sourcecode.c.h; name = sphere.h; path = DifViewer/game/sphere.h; sourceTree = SOURCE_ROOT; };
		B51B350D1A57AABF00DD8D35 /* libLinearMath.a */ = {isa = PBXFileReference; lastKnownFileType = archive.ar; name = libLinearMath.a; path = bullet3/src/LinearMath/Debug/libLinearMath.a; sourceTree = "<group>"; };
		B51B350F1A57AC0400DD8D35 /* physics.cpp */ = {isa = PBXFileReference; fileEncoding = 4; lastKnownFileType = sourcecode.cpp.cpp; name = physics.cpp; path = DifViewer/game/physics.cpp; sourceTree = SOURCE_ROOT; };
		B51B35101A57AC0400DD8D35 /* physics.h */ = {isa = PBXFileReference; fileEncoding = 4; lastKnownFileType = sourcecode.c.h; name = physics.h; path = DifViewer/game/physics.h; sourceTree = SOURCE_ROOT; };
		B51B35121A57AF5100DD8D35 /* libBulletCollision.a */ = {isa = PBXFileReference; lastKnownFileType = archive.ar; name = libBulletCollision.a; path = bullet3/src/BulletCollision/Debug/libBulletCollision.a; sourceTree = "<group>"; };
		B51B35141A57AF5700DD8D35 /* libBulletDynamics.a */ = {isa = PBXFileReference; lastKnownFileType = archive.ar; name = libBulletDynamics.a; path = bullet3/src/BulletDynamics/Debug/libBulletDynamics.a; sourceTree = "<group>"; };
		B5201D801A10403F0084D459 /* DIF_MB_SPEC.rtf */ = {isa = PBXFileReference; lastKnownFileType = text.rtf; path = DIF_MB_SPEC.rtf; sourceTree = "<group>"; };
		B525BB011A6603DF0009E630 /* material.cpp */ = {isa = PBXFileReference; fileEncoding = 4; lastKnownFileType = sourcecode.cpp.cpp; name = material.cpp; path = DifViewer/render/material.cpp; sourceTree = SOURCE_ROOT; };
		B525BB021A6603DF0009E630 /* material.h */ = {isa = PBXFileReference; fileEncoding = 4; lastKnownFileType = sourcecode.c.h; name = material.h; path = DifViewer/render/material.h; sourceTree = SOURCE_ROOT; };
		B54F9D991A10399D00F550EA /* io.cpp */ = {isa = PBXFileReference; fileEncoding = 4; lastKnownFileType = sourcecode.cpp.cpp; path = io.cpp; sourceTree = "<group>"; };
		B54F9D9A1A10399D00F550EA /* io.h */ = {isa = PBXFileReference; fileEncoding = 4; lastKnownFileType = sourcecode.c.h; path = io.h; sourceTree = "<group>"; };
		B54F9D9B1A10399D00F550EA /* types.h */ = {isa = PBXFileReference; fileEncoding = 4; lastKnownFileType = sourcecode.c.h; path = types.h; sourceTree = "<group>"; };
		B54F9D9C1A10399D00F550EA /* main.cpp */ = {isa = PBXFileReference; fileEncoding = 4; lastKnownFileType = sourcecode.cpp.cpp; lineEnding = 0; name = main.cpp; path = DifViewer/main.cpp; sourceTree = SOURCE_ROOT; xcLanguageSpecificationIdentifier = xcode.lang.cpp; };
		B54F9D9E1A10399D00F550EA /* aiSpecialNode.cpp */ = {isa = PBXFileReference; fileEncoding = 4; lastKnownFileType = sourcecode.cpp.cpp; lineEnding = 0; path = aiSpecialNode.cpp; sourceTree = "<group>"; xcLanguageSpecificationIdentifier = xcode.lang.cpp; };
		B54F9D9F1A10399D00F550EA /* aiSpecialNode.h */ = {isa = PBXFileReference; fileEncoding = 4; lastKnownFileType = sourcecode.c.h; lineEnding = 0; path = aiSpecialNode.h; sourceTree = "<group>"; xcLanguageSpecificationIdentifier = xcode.lang.objcpp; };
		B54F9DA01A10399D00F550EA /* dif.cpp */ = {isa = PBXFileReference; fileEncoding = 4; lastKnownFileType = sourcecode.cpp.cpp; lineEnding = 0; path = dif.cpp; sourceTree = "<group>"; xcLanguageSpecificationIdentifier = xcode.lang.cpp; };
		B54F9DA11A10399D00F550EA /* dif.h */ = {isa = PBXFileReference; fileEncoding = 4; lastKnownFileType = sourcecode.c.h; lineEnding = 0; path = dif.h; sourceTree = "<group>"; xcLanguageSpecificationIdentifier = xcode.lang.objcpp; };
		B54F9DA21A10399D00F550EA /* forceField.cpp */ = {isa = PBXFileReference; fileEncoding = 4; lastKnownFileType = sourcecode.cpp.cpp; lineEnding = 0; path = forceField.cpp; sourceTree = "<group>"; xcLanguageSpecificationIdentifier = xcode.lang.cpp; };
		B54F9DA31A10399D00F550EA /* forceField.h */ = {isa = PBXFileReference; fileEncoding = 4; lastKnownFileType = sourcecode.c.h; lineEnding = 0; path = forceField.h; sourceTree = "<group>"; xcLanguageSpecificationIdentifier = xcode.lang.objcpp; };
		B54F9DA41A10399D00F550EA /* gameEntity.cpp */ = {isa = PBXFileReference; fileEncoding = 4; lastKnownFileType = sourcecode.cpp.cpp; lineEnding = 0; path = gameEntity.cpp; sourceTree = "<group>"; xcLanguageSpecificationIdentifier = xcode.lang.cpp; };
		B54F9DA51A10399D00F550EA /* gameEntity.h */ = {isa = PBXFileReference; fileEncoding = 4; lastKnownFileType = sourcecode.c.h; lineEnding = 0; path = gameEntity.h; sourceTree = "<group>"; xcLanguageSpecificationIdentifier = xcode.lang.objcpp; };
		B54F9DA61A10399D00F550EA /* interior.cpp */ = {isa = PBXFileReference; fileEncoding = 4; lastKnownFileType = sourcecode.cpp.cpp; path = interior.cpp; sourceTree = "<group>"; };
		B54F9DA71A10399D00F550EA /* interior.h */ = {isa = PBXFileReference; fileEncoding = 4; lastKnownFileType = sourcecode.c.h; path = interior.h; sourceTree = "<group>"; };
		B54F9DA81A10399D00F550EA /* interiorPathFollower.cpp */ = {isa = PBXFileReference; fileEncoding = 4; lastKnownFileType = sourcecode.cpp.cpp; path = interiorPathFollower.cpp; sourceTree = "<group>"; };
		B54F9DA91A10399D00F550EA /* interiorPathFollower.h */ = {isa = PBXFileReference; fileEncoding = 4; lastKnownFileType = sourcecode.c.h; path = interiorPathFollower.h; sourceTree = "<group>"; };
		B54F9DAA1A10399D00F550EA /* trigger.cpp */ = {isa = PBXFileReference; fileEncoding = 4; lastKnownFileType = sourcecode.cpp.cpp; lineEnding = 0; path = trigger.cpp; sourceTree = "<group>"; xcLanguageSpecificationIdentifier = xcode.lang.cpp; };
		B54F9DAB1A10399D00F550EA /* trigger.h */ = {isa = PBXFileReference; fileEncoding = 4; lastKnownFileType = sourcecode.c.h; lineEnding = 0; path = trigger.h; sourceTree = "<group>"; xcLanguageSpecificationIdentifier = xcode.lang.objcpp; };
		B54F9DAC1A10399D00F550EA /* vehicleCollision.cpp */ = {isa = PBXFileReference; fileEncoding = 4; lastKnownFileType = sourcecode.cpp.cpp; lineEnding = 0; path = vehicleCollision.cpp; sourceTree = "<group>"; xcLanguageSpecificationIdentifier = xcode.lang.c; };
		B54F9DAD1A10399D00F550EA /* vehicleCollision.h */ = {isa = PBXFileReference; fileEncoding = 4; lastKnownFileType = sourcecode.c.h; lineEnding = 0; path = vehicleCollision.h; sourceTree = "<group>"; xcLanguageSpecificationIdentifier = xcode.lang.objcpp; };
		B55C04F11A6613130052C528 /* scene.cpp */ = {isa = PBXFileReference; fileEncoding = 4; lastKnownFileType = sourcecode.cpp.cpp; name = scene.cpp; path = DifViewer/render/scene.cpp; sourceTree = SOURCE_ROOT; };
		B55C04F21A6613130052C528 /* scene.h */ = {isa = PBXFileReference; fileEncoding = 4; lastKnownFileType = sourcecode.c.h; name = scene.h; path = DifViewer/render/scene.h; sourceTree = SOURCE_ROOT; };
		B566A6901A12EE54003D6BEA /* mng.xcodeproj */ = {isa = PBXFileReference; lastKnownFileType = "wrapper.pb-project"; name = mng.xcodeproj; path = mng/mng.xcodeproj; sourceTree = "<group>"; };
		B56838BF1A58AFC30053C982 /* pathedInterior.cpp */ = {isa = PBXFileReference; fileEncoding = 4; lastKnownFileType = sourcecode.cpp.cpp; path = pathedInterior.cpp; sourceTree = "<group>"; };
		B56838C01A58AFC30053C982 /* pathedInterior.h */ = {isa = PBXFileReference; fileEncoding = 4; lastKnownFileType = sourcecode.c.h; path = pathedInterior.h; sourceTree = "<group>"; };
		B56BFDE11A6344A500B2BDDE /* shader.cpp */ = {isa = PBXFileReference; fileEncoding = 4; lastKnownFileType = sourcecode.cpp.cpp; name = shader.cpp; path = DifViewer/render/shader.cpp; sourceTree = SOURCE_ROOT; };
		B56BFDE21A6344A500B2BDDE /* shader.h */ = {isa = PBXFileReference; fileEncoding = 4; lastKnownFileType = sourcecode.c.h; name = shader.h; path = DifViewer/render/shader.h; sourceTree = SOURCE_ROOT; };
		B56BFDE51A63498100B2BDDE /* vertexShader.glsl */ = {isa = PBXFileReference; fileEncoding = 4; lastKnownFileType = text; name = vertexShader.glsl; path = DifViewer/shaders/vertexShader.glsl; sourceTree = SOURCE_ROOT; };
		B56BFDE61A634A0400B2BDDE /* fragmentShader.glsl */ = {isa = PBXFileReference; fileEncoding = 4; lastKnownFileType = text; name = fragmentShader.glsl; path = DifViewer/shaders/fragmentShader.glsl; sourceTree = SOURCE_ROOT; };
		B578BCF51A13EB4C001EF856 /* libjpeg.a */ = {isa = PBXFileReference; lastKnownFileType = archive.ar; name = libjpeg.a; path = jpeg/.libs/libjpeg.a; sourceTree = "<group>"; };
		B58E54C71A215B0700304A9B /* math.cpp */ = {isa = PBXFileReference; fileEncoding = 4; lastKnownFileType = sourcecode.cpp.cpp; path = math.cpp; sourceTree = "<group>"; };
		B5AADE6F1A142E1E0064F1E5 /* math.h */ = {isa = PBXFileReference; lastKnownFileType = sourcecode.c.h; path = math.h; sourceTree = "<group>"; };
		B5BC0E361A1423DE00D86A8D /* interiorRender.cpp */ = {isa = PBXFileReference; fileEncoding = 4; lastKnownFileType = sourcecode.cpp.cpp; name = interiorRender.cpp; path = DifViewer/render/interiorRender.cpp; sourceTree = SOURCE_ROOT; };
		B5BF4D631A0BF42900BF0956 /* DifViewer */ = {isa = PBXFileReference; explicitFileType = "compiled.mach-o.executable"; includeInIndex = 0; path = DifViewer; sourceTree = BUILT_PRODUCTS_DIR; };
		B5CC8E991A13090A0037BFF7 /* libz.dylib */ = {isa = PBXFileReference; lastKnownFileType = "compiled.mach-o.dylib"; name = libz.dylib; path = usr/lib/libz.dylib; sourceTree = SDKROOT; };
		B5D92CA61A100DD7000A36CB /* SDL2.framework */ = {isa = PBXFileReference; lastKnownFileType = wrapper.framework; name = SDL2.framework; path = /Library/Frameworks/SDL2.framework; sourceTree = "<absolute>"; };
		B5E0CD981A13F41200BB4291 /* jpegsupport.cpp */ = {isa = PBXFileReference; fileEncoding = 4; lastKnownFileType = sourcecode.cpp.cpp; name = jpegsupport.cpp; path = DifViewer/bitmap/jpegsupport.cpp; sourceTree = SOURCE_ROOT; };
		B5E0CD991A13F41200BB4291 /* jpegsupport.h */ = {isa = PBXFileReference; fileEncoding = 4; lastKnownFileType = sourcecode.c.h; name = jpegsupport.h; path = DifViewer/bitmap/jpegsupport.h; sourceTree = SOURCE_ROOT; };
		B5E0CD9A1A13F41200BB4291 /* mngsupport.cpp */ = {isa = PBXFileReference; fileEncoding = 4; lastKnownFileType = sourcecode.cpp.cpp; name = mngsupport.cpp; path = DifViewer/bitmap/mngsupport.cpp; sourceTree = SOURCE_ROOT; };
		B5E0CD9B1A13F41200BB4291 /* mngsupport.h */ = {isa = PBXFileReference; fileEncoding = 4; lastKnownFileType = sourcecode.c.h; name = mngsupport.h; path = DifViewer/bitmap/mngsupport.h; sourceTree = SOURCE_ROOT; };
		B5E0CD9E1A13F43100BB4291 /* texture.h */ = {isa = PBXFileReference; lastKnownFileType = sourcecode.c.h; name = texture.h; path = DifViewer/bitmap/texture.h; sourceTree = SOURCE_ROOT; };
		B5E0CD9F1A13F43B00BB4291 /* texture.cpp */ = {isa = PBXFileReference; fileEncoding = 4; lastKnownFileType = sourcecode.cpp.cpp; name = texture.cpp; path = DifViewer/bitmap/texture.cpp; sourceTree = SOURCE_ROOT; };
		B5F5AD631A567AA80030F491 /* point3.h */ = {isa = PBXFileReference; lastKnownFileType = sourcecode.c.h; path = point3.h; sourceTree = "<group>"; };
		B5F5AD641A5685700030F491 /* point2.h */ = {isa = PBXFileReference; lastKnownFileType = sourcecode.c.h; path = point2.h; sourceTree = "<group>"; };
		B5F5AD651A56880F0030F491 /* color.h */ = {isa = PBXFileReference; lastKnownFileType = sourcecode.c.h; path = color.h; sourceTree = "<group>"; };
		B5F5AD661A5688FA0030F491 /* point4.h */ = {isa = PBXFileReference; lastKnownFileType = sourcecode.c.h; path = point4.h; sourceTree = "<group>"; };
/* End PBXFileReference section */

/* Begin PBXFrameworksBuildPhase section */
		B5BF4D601A0BF42900BF0956 /* Frameworks */ = {
			isa = PBXFrameworksBuildPhase;
			buildActionMask = 2147483647;
			files = (
				B57369CC1A648C23006447A4 /* libmng.a in Frameworks */,
				B5CC8E9A1A13090A0037BFF7 /* libz.dylib in Frameworks */,
				B51B35151A57AF5700DD8D35 /* libBulletDynamics.a in Frameworks */,
				B51B350E1A57AABF00DD8D35 /* libLinearMath.a in Frameworks */,
				B51B35131A57AF5100DD8D35 /* libBulletCollision.a in Frameworks */,
				B5099DAF1A10127F0005DAC6 /* OpenGL.framework in Frameworks */,
				B5D92CA71A100DD7000A36CB /* SDL2.framework in Frameworks */,
			);
			runOnlyForDeploymentPostprocessing = 0;
		};
/* End PBXFrameworksBuildPhase section */

/* Begin PBXGroup section */
		B51B33F71A57915100DD8D35 /* game */ = {
			isa = PBXGroup;
			children = (
				B51B33F81A57916100DD8D35 /* sphere.cpp */,
				B51B33F91A57916100DD8D35 /* sphere.h */,
				B51B350F1A57AC0400DD8D35 /* physics.cpp */,
				B51B35101A57AC0400DD8D35 /* physics.h */,
			);
			name = game;
			sourceTree = "<group>";
		};
		B54F9D981A10399D00F550EA /* base */ = {
			isa = PBXGroup;
			children = (
				B54F9D991A10399D00F550EA /* io.cpp */,
				B54F9D9A1A10399D00F550EA /* io.h */,
				B58E54C71A215B0700304A9B /* math.cpp */,
				B5AADE6F1A142E1E0064F1E5 /* math.h */,
				B54F9D9B1A10399D00F550EA /* types.h */,
				B5F5AD641A5685700030F491 /* point2.h */,
				B5F5AD631A567AA80030F491 /* point3.h */,
				B5F5AD661A5688FA0030F491 /* point4.h */,
				B51B33F61A57846100DD8D35 /* ray.h */,
				B5F5AD651A56880F0030F491 /* color.h */,
			);
			name = base;
			path = DifViewer/base;
			sourceTree = SOURCE_ROOT;
		};
		B54F9D9D1A10399D00F550EA /* dif */ = {
			isa = PBXGroup;
			children = (
				B54F9D9E1A10399D00F550EA /* aiSpecialNode.cpp */,
				B54F9D9F1A10399D00F550EA /* aiSpecialNode.h */,
				B54F9DA01A10399D00F550EA /* dif.cpp */,
				B54F9DA11A10399D00F550EA /* dif.h */,
				B54F9DA21A10399D00F550EA /* forceField.cpp */,
				B54F9DA31A10399D00F550EA /* forceField.h */,
				B54F9DA41A10399D00F550EA /* gameEntity.cpp */,
				B54F9DA51A10399D00F550EA /* gameEntity.h */,
				B54F9DA61A10399D00F550EA /* interior.cpp */,
				B54F9DA71A10399D00F550EA /* interior.h */,
				B54F9DA81A10399D00F550EA /* interiorPathFollower.cpp */,
				B54F9DA91A10399D00F550EA /* interiorPathFollower.h */,
				B56838BF1A58AFC30053C982 /* pathedInterior.cpp */,
				B56838C01A58AFC30053C982 /* pathedInterior.h */,
				B54F9DAA1A10399D00F550EA /* trigger.cpp */,
				B54F9DAB1A10399D00F550EA /* trigger.h */,
				B54F9DAC1A10399D00F550EA /* vehicleCollision.cpp */,
				B54F9DAD1A10399D00F550EA /* vehicleCollision.h */,
			);
			name = dif;
			path = DifViewer/objects;
			sourceTree = SOURCE_ROOT;
		};
		B566A61D1A12ED06003D6BEA /* Frameworks */ = {
			isa = PBXGroup;
			children = (
				B51B35121A57AF5100DD8D35 /* libBulletCollision.a */,
				B51B35141A57AF5700DD8D35 /* libBulletDynamics.a */,
				B51B350D1A57AABF00DD8D35 /* libLinearMath.a */,
				B578BCF51A13EB4C001EF856 /* libjpeg.a */,
				B5CC8E991A13090A0037BFF7 /* libz.dylib */,
				B5099DAE1A10127F0005DAC6 /* OpenGL.framework */,
				B5D92CA61A100DD7000A36CB /* SDL2.framework */,
				B566A6901A12EE54003D6BEA /* mng.xcodeproj */,
			);
			name = Frameworks;
			sourceTree = "<group>";
		};
		B566A6911A12EE54003D6BEA /* Products */ = {
			isa = PBXGroup;
			children = (
				B566A6951A12EE54003D6BEA /* libmng.a */,
			);
			name = Products;
			sourceTree = "<group>";
		};
		B56BFDE41A63494900B2BDDE /* shaders */ = {
			isa = PBXGroup;
			children = (
				B56BFDE51A63498100B2BDDE /* vertexShader.glsl */,
				B56BFDE61A634A0400B2BDDE /* fragmentShader.glsl */,
			);
			name = shaders;
			sourceTree = "<group>";
		};
		B5AADE701A143C950064F1E5 /* render */ = {
			isa = PBXGroup;
			children = (
				B5BC0E361A1423DE00D86A8D /* interiorRender.cpp */,
				B56BFDE11A6344A500B2BDDE /* shader.cpp */,
				B56BFDE21A6344A500B2BDDE /* shader.h */,
				B525BB011A6603DF0009E630 /* material.cpp */,
				B525BB021A6603DF0009E630 /* material.h */,
				B55C04F11A6613130052C528 /* scene.cpp */,
				B55C04F21A6613130052C528 /* scene.h */,
			);
			name = render;
			sourceTree = "<group>";
		};
		B5BF4D5A1A0BF42900BF0956 = {
			isa = PBXGroup;
			children = (
				B5BF4D651A0BF42900BF0956 /* DifViewer */,
				B5201D801A10403F0084D459 /* DIF_MB_SPEC.rtf */,
				B566A61D1A12ED06003D6BEA /* Frameworks */,
				B5BF4D641A0BF42900BF0956 /* Products */,
			);
			sourceTree = "<group>";
		};
		B5BF4D641A0BF42900BF0956 /* Products */ = {
			isa = PBXGroup;
			children = (
				B5BF4D631A0BF42900BF0956 /* DifViewer */,
			);
			name = Products;
			sourceTree = "<group>";
		};
		B5BF4D651A0BF42900BF0956 /* DifViewer */ = {
			isa = PBXGroup;
			children = (
				B54F9D9C1A10399D00F550EA /* main.cpp */,
				B51B33F71A57915100DD8D35 /* game */,
				B56BFDE41A63494900B2BDDE /* shaders */,
				B5AADE701A143C950064F1E5 /* render */,
				B54F9D981A10399D00F550EA /* base */,
				B5E0CD971A13F3EC00BB4291 /* bitmap */,
				B54F9D9D1A10399D00F550EA /* dif */,
			);
			name = DifViewer;
			path = DifThing;
			sourceTree = "<group>";
		};
		B5E0CD971A13F3EC00BB4291 /* bitmap */ = {
			isa = PBXGroup;
			children = (
				B5E0CD981A13F41200BB4291 /* jpegsupport.cpp */,
				B5E0CD991A13F41200BB4291 /* jpegsupport.h */,
				B5E0CD9A1A13F41200BB4291 /* mngsupport.cpp */,
				B5E0CD9B1A13F41200BB4291 /* mngsupport.h */,
				B5E0CD9F1A13F43B00BB4291 /* texture.cpp */,
				B5E0CD9E1A13F43100BB4291 /* texture.h */,
			);
			name = bitmap;
			path = ../DifViewer/base;
			sourceTree = "<group>";
		};
/* End PBXGroup section */

/* Begin PBXNativeTarget section */
		B5BF4D621A0BF42900BF0956 /* DifViewer */ = {
			isa = PBXNativeTarget;
			buildConfigurationList = B5BF4D6C1A0BF42A00BF0956 /* Build configuration list for PBXNativeTarget "DifViewer" */;
			buildPhases = (
				B5BF4D5F1A0BF42900BF0956 /* Sources */,
				B5BF4D601A0BF42900BF0956 /* Frameworks */,
				B56BFDEB1A63520100B2BDDE /* CopyFiles */,
			);
			buildRules = (
			);
			dependencies = (
				B566A6BE1A12EFFD003D6BEA /* PBXTargetDependency */,
			);
			name = DifViewer;
			productName = DifThing;
			productReference = B5BF4D631A0BF42900BF0956 /* DifViewer */;
			productType = "com.apple.product-type.tool";
		};
/* End PBXNativeTarget section */

/* Begin PBXProject section */
		B5BF4D5B1A0BF42900BF0956 /* Project object */ = {
			isa = PBXProject;
			attributes = {
				LastUpgradeCheck = 0510;
				ORGANIZATIONNAME = CouleeApps;
			};
			buildConfigurationList = B5BF4D5E1A0BF42900BF0956 /* Build configuration list for PBXProject "DifViewer" */;
			compatibilityVersion = "Xcode 3.2";
			developmentRegion = English;
			hasScannedForEncodings = 0;
			knownRegions = (
				en,
			);
			mainGroup = B5BF4D5A1A0BF42900BF0956;
			productRefGroup = B5BF4D641A0BF42900BF0956 /* Products */;
			projectDirPath = "";
			projectReferences = (
				{
					ProductGroup = B566A6911A12EE54003D6BEA /* Products */;
					ProjectRef = B566A6901A12EE54003D6BEA /* mng.xcodeproj */;
				},
			);
			projectRoot = "";
			targets = (
				B5BF4D621A0BF42900BF0956 /* DifViewer */,
			);
		};
/* End PBXProject section */

/* Begin PBXReferenceProxy section */
		B566A6951A12EE54003D6BEA /* libmng.a */ = {
			isa = PBXReferenceProxy;
			fileType = archive.ar;
			path = libmng.a;
			remoteRef = B566A6941A12EE54003D6BEA /* PBXContainerItemProxy */;
			sourceTree = BUILT_PRODUCTS_DIR;
		};
/* End PBXReferenceProxy section */

/* Begin PBXSourcesBuildPhase section */
		B5BF4D5F1A0BF42900BF0956 /* Sources */ = {
			isa = PBXSourcesBuildPhase;
			buildActionMask = 2147483647;
			files = (
				B51B35111A57AC0400DD8D35 /* physics.cpp in Sources */,
				B54F9DB41A10399D00F550EA /* interior.cpp in Sources */,
				B58E54C81A215B0700304A9B /* math.cpp in Sources */,
				B51B33FA1A57916100DD8D35 /* sphere.cpp in Sources */,
				B525BB031A6603DF0009E630 /* material.cpp in Sources */,
				B54F9DAF1A10399D00F550EA /* main.cpp in Sources */,
				B54F9DB51A10399D00F550EA /* interiorPathFollower.cpp in Sources */,
				B54F9DB11A10399D00F550EA /* dif.cpp in Sources */,
				B54F9DB31A10399D00F550EA /* gameEntity.cpp in Sources */,
				B56BFDE31A6344A500B2BDDE /* shader.cpp in Sources */,
				B55C04F31A6613130052C528 /* scene.cpp in Sources */,
				B5E0CD9C1A13F41200BB4291 /* jpegsupport.cpp in Sources */,
				B54F9DAE1A10399D00F550EA /* io.cpp in Sources */,
				B54F9DB21A10399D00F550EA /* forceField.cpp in Sources */,
				B5E0CD9D1A13F41200BB4291 /* mngsupport.cpp in Sources */,
				B5E0CDA01A13F43B00BB4291 /* texture.cpp in Sources */,
				B54F9DB01A10399D00F550EA /* aiSpecialNode.cpp in Sources */,
				B5BC0E371A1423DE00D86A8D /* interiorRender.cpp in Sources */,
				B54F9DB61A10399D00F550EA /* trigger.cpp in Sources */,
				B54F9DB71A10399D00F550EA /* vehicleCollision.cpp in Sources */,
				B56838C11A58AFC30053C982 /* pathedInterior.cpp in Sources */,
			);
			runOnlyForDeploymentPostprocessing = 0;
		};
/* End PBXSourcesBuildPhase section */

/* Begin PBXTargetDependency section */
		B566A6BE1A12EFFD003D6BEA /* PBXTargetDependency */ = {
			isa = PBXTargetDependency;
			name = mng;
			targetProxy = B566A6BD1A12EFFD003D6BEA /* PBXContainerItemProxy */;
		};
/* End PBXTargetDependency section */

/* Begin XCBuildConfiguration section */
		B5BF4D6A1A0BF42A00BF0956 /* Debug */ = {
			isa = XCBuildConfiguration;
			buildSettings = {
				ALWAYS_SEARCH_USER_PATHS = NO;
				CLANG_CXX_LANGUAGE_STANDARD = "gnu++0x";
				CLANG_CXX_LIBRARY = "libc++";
				CLANG_ENABLE_MODULES = YES;
				CLANG_ENABLE_OBJC_ARC = YES;
				CLANG_WARN_BOOL_CONVERSION = YES;
				CLANG_WARN_CONSTANT_CONVERSION = YES;
				CLANG_WARN_DIRECT_OBJC_ISA_USAGE = YES_ERROR;
				CLANG_WARN_EMPTY_BODY = YES;
				CLANG_WARN_ENUM_CONVERSION = YES;
				CLANG_WARN_INT_CONVERSION = YES;
				CLANG_WARN_OBJC_ROOT_CLASS = YES_ERROR;
				CLANG_WARN__DUPLICATE_METHOD_MATCH = YES;
				COPY_PHASE_STRIP = NO;
				GCC_C_LANGUAGE_STANDARD = gnu99;
				GCC_DYNAMIC_NO_PIC = NO;
				GCC_ENABLE_OBJC_EXCEPTIONS = YES;
				GCC_OPTIMIZATION_LEVEL = 0;
				GCC_PREPROCESSOR_DEFINITIONS = (
					"DEBUG=1",
					"$(inherited)",
				);
				GCC_SYMBOLS_PRIVATE_EXTERN = NO;
				GCC_WARN_64_TO_32_BIT_CONVERSION = YES;
				GCC_WARN_ABOUT_RETURN_TYPE = YES_ERROR;
				GCC_WARN_UNDECLARED_SELECTOR = YES;
				GCC_WARN_UNINITIALIZED_AUTOS = YES_AGGRESSIVE;
				GCC_WARN_UNUSED_FUNCTION = YES;
				GCC_WARN_UNUSED_VARIABLE = YES;
				MACOSX_DEPLOYMENT_TARGET = 10.10;
				ONLY_ACTIVE_ARCH = YES;
				SDKROOT = macosx;
			};
			name = Debug;
		};
		B5BF4D6B1A0BF42A00BF0956 /* Release */ = {
			isa = XCBuildConfiguration;
			buildSettings = {
				ALWAYS_SEARCH_USER_PATHS = NO;
				CLANG_CXX_LANGUAGE_STANDARD = "gnu++0x";
				CLANG_CXX_LIBRARY = "libc++";
				CLANG_ENABLE_MODULES = YES;
				CLANG_ENABLE_OBJC_ARC = YES;
				CLANG_WARN_BOOL_CONVERSION = YES;
				CLANG_WARN_CONSTANT_CONVERSION = YES;
				CLANG_WARN_DIRECT_OBJC_ISA_USAGE = YES_ERROR;
				CLANG_WARN_EMPTY_BODY = YES;
				CLANG_WARN_ENUM_CONVERSION = YES;
				CLANG_WARN_INT_CONVERSION = YES;
				CLANG_WARN_OBJC_ROOT_CLASS = YES_ERROR;
				CLANG_WARN__DUPLICATE_METHOD_MATCH = YES;
				COPY_PHASE_STRIP = YES;
				DEBUG_INFORMATION_FORMAT = "dwarf-with-dsym";
				ENABLE_NS_ASSERTIONS = NO;
				GCC_C_LANGUAGE_STANDARD = gnu99;
				GCC_ENABLE_OBJC_EXCEPTIONS = YES;
				GCC_WARN_64_TO_32_BIT_CONVERSION = YES;
				GCC_WARN_ABOUT_RETURN_TYPE = YES_ERROR;
				GCC_WARN_UNDECLARED_SELECTOR = YES;
				GCC_WARN_UNINITIALIZED_AUTOS = YES_AGGRESSIVE;
				GCC_WARN_UNUSED_FUNCTION = YES;
				GCC_WARN_UNUSED_VARIABLE = YES;
				MACOSX_DEPLOYMENT_TARGET = 10.10;
				SDKROOT = macosx;
			};
			name = Release;
		};
		B5BF4D6D1A0BF42A00BF0956 /* Debug */ = {
			isa = XCBuildConfiguration;
			buildSettings = {
				CLANG_CXX_LIBRARY = "libc++";
				FRAMEWORK_SEARCH_PATHS = (
					"$(inherited)",
					"$(LOCAL_LIBRARY_DIR)/Frameworks",
				);
				GCC_PREPROCESSOR_DEFINITIONS = (
					DEBUG,
					GL_33,
				);
				HEADER_SEARCH_PATHS = (
					"$(inherited)",
					/Applications/Xcode.app/Contents/Developer/Toolchains/XcodeDefault.xctoolchain/usr/include,
					"$(PROJECT_DIR)/glm",
					"$(PROJECT_DIR)/",
					"$(PROJECT_DIR)/jpeg",
					"$(PROJECT_DIR)/bullet3/src/**",
				);
				LIBRARY_SEARCH_PATHS = (
					"$(INHERITED)",
					"$(PROJECT_DIR)/jpeg/.libs",
					"$(PROJECT_DIR)/bullet3/src/Bullet3Collision/Debug",
					"$(PROJECT_DIR)/bullet3/src/Bullet3Common/Debug",
					"$(PROJECT_DIR)/bullet3/src/Bullet3Dynamics/Debug",
					"$(PROJECT_DIR)/bullet3/src/Bullet3Geometry/Debug",
					"$(PROJECT_DIR)/bullet3/src/Bullet3OpenCL/Debug",
					"$(PROJECT_DIR)/bullet3/src/LinearMath/Debug",
					"$(PROJECT_DIR)/bullet3/src/BulletCollision/Debug",
					"$(PROJECT_DIR)/bullet3/src/BulletDynamics/Debug",
				);
				MACOSX_DEPLOYMENT_TARGET = 10.9;
				OTHER_LDFLAGS = "-v";
				PRODUCT_NAME = "$(TARGET_NAME)";
				STRIPFLAGS = "-x";
				SYMROOT = "$(PROJECT_DIR)/Build";
			};
			name = Debug;
		};
		B5BF4D6E1A0BF42A00BF0956 /* Release */ = {
			isa = XCBuildConfiguration;
			buildSettings = {
				CLANG_CXX_LIBRARY = "libc++";
				FRAMEWORK_SEARCH_PATHS = (
					"$(inherited)",
					"$(LOCAL_LIBRARY_DIR)/Frameworks",
				);
				GCC_PREPROCESSOR_DEFINITIONS = GL_33;
				HEADER_SEARCH_PATHS = (
					"$(inherited)",
					/Applications/Xcode.app/Contents/Developer/Toolchains/XcodeDefault.xctoolchain/usr/include,
					"$(PROJECT_DIR)/glm",
					"$(PROJECT_DIR)/",
					"$(PROJECT_DIR)/jpeg",
					"$(PROJECT_DIR)/bullet3/src/**",
				);
				LIBRARY_SEARCH_PATHS = (
					"$(INHERITED)",
					"$(PROJECT_DIR)/jpeg/.libs",
					"$(PROJECT_DIR)/bullet3/src/Bullet3Collision/Debug",
					"$(PROJECT_DIR)/bullet3/src/Bullet3Common/Debug",
					"$(PROJECT_DIR)/bullet3/src/Bullet3Dynamics/Debug",
					"$(PROJECT_DIR)/bullet3/src/Bullet3Geometry/Debug",
					"$(PROJECT_DIR)/bullet3/src/Bullet3OpenCL/Debug",
					"$(PROJECT_DIR)/bullet3/src/LinearMath/Debug",
					"$(PROJECT_DIR)/bullet3/src/BulletCollision/Debug",
					"$(PROJECT_DIR)/bullet3/src/BulletDynamics/Debug",
				);
				MACOSX_DEPLOYMENT_TARGET = 10.9;
				OTHER_LDFLAGS = "-v";
				PRODUCT_NAME = "$(TARGET_NAME)";
				STRIPFLAGS = "-x";
				SYMROOT = "$(PROJECT_DIR)/Build";
			};
			name = Release;
		};
/* End XCBuildConfiguration section */

/* Begin XCConfigurationList section */
		B5BF4D5E1A0BF42900BF0956 /* Build configuration list for PBXProject "DifViewer" */ = {
			isa = XCConfigurationList;
			buildConfigurations = (
				B5BF4D6A1A0BF42A00BF0956 /* Debug */,
				B5BF4D6B1A0BF42A00BF0956 /* Release */,
			);
			defaultConfigurationIsVisible = 0;
			defaultConfigurationName = Release;
		};
		B5BF4D6C1A0BF42A00BF0956 /* Build configuration list for PBXNativeTarget "DifViewer" */ = {
			isa = XCConfigurationList;
			buildConfigurations = (
				B5BF4D6D1A0BF42A00BF0956 /* Debug */,
				B5BF4D6E1A0BF42A00BF0956 /* Release */,
			);
			defaultConfigurationIsVisible = 0;
			defaultConfigurationName = Release;
		};
/* End XCConfigurationList section */
	};
	rootObject = B5BF4D5B1A0BF42900BF0956 /* Project object */;
}
