// !$*UTF8*$!
{
	archiveVersion = 1;
	classes = {
	};
	objectVersion = 46;
	objects = {

/* Begin PBXBuildFile section */
		B5099DAF1A10127F0005DAC6 /* OpenGL.framework in Frameworks */ = {isa = PBXBuildFile; fileRef = B5099DAE1A10127F0005DAC6 /* OpenGL.framework */; };
		B54F9DAE1A10399D00F550EA /* io.c in Sources */ = {isa = PBXBuildFile; fileRef = B54F9D991A10399D00F550EA /* io.c */; };
		B54F9DAF1A10399D00F550EA /* main.c in Sources */ = {isa = PBXBuildFile; fileRef = B54F9D9C1A10399D00F550EA /* main.c */; };
		B54F9DB01A10399D00F550EA /* aiSpecialNode.c in Sources */ = {isa = PBXBuildFile; fileRef = B54F9D9E1A10399D00F550EA /* aiSpecialNode.c */; };
		B54F9DB11A10399D00F550EA /* dif.c in Sources */ = {isa = PBXBuildFile; fileRef = B54F9DA01A10399D00F550EA /* dif.c */; };
		B54F9DB21A10399D00F550EA /* forceField.c in Sources */ = {isa = PBXBuildFile; fileRef = B54F9DA21A10399D00F550EA /* forceField.c */; };
		B54F9DB31A10399D00F550EA /* gameEntity.c in Sources */ = {isa = PBXBuildFile; fileRef = B54F9DA41A10399D00F550EA /* gameEntity.c */; };
		B54F9DB41A10399D00F550EA /* interior.c in Sources */ = {isa = PBXBuildFile; fileRef = B54F9DA61A10399D00F550EA /* interior.c */; };
		B54F9DB51A10399D00F550EA /* interiorPathFollower.c in Sources */ = {isa = PBXBuildFile; fileRef = B54F9DA81A10399D00F550EA /* interiorPathFollower.c */; };
		B54F9DB61A10399D00F550EA /* trigger.c in Sources */ = {isa = PBXBuildFile; fileRef = B54F9DAA1A10399D00F550EA /* trigger.c */; };
		B54F9DB71A10399D00F550EA /* vehicleCollision.c in Sources */ = {isa = PBXBuildFile; fileRef = B54F9DAC1A10399D00F550EA /* vehicleCollision.c */; };
		B5D92CA71A100DD7000A36CB /* SDL2.framework in Frameworks */ = {isa = PBXBuildFile; fileRef = B5D92CA61A100DD7000A36CB /* SDL2.framework */; };
/* End PBXBuildFile section */

/* Begin PBXCopyFilesBuildPhase section */
		B5BF4D611A0BF42900BF0956 /* CopyFiles */ = {
			isa = PBXCopyFilesBuildPhase;
			buildActionMask = 2147483647;
			dstPath = /usr/share/man/man1/;
			dstSubfolderSpec = 0;
			files = (
			);
			runOnlyForDeploymentPostprocessing = 1;
		};
/* End PBXCopyFilesBuildPhase section */

/* Begin PBXFileReference section */
		B5099DAE1A10127F0005DAC6 /* OpenGL.framework */ = {isa = PBXFileReference; lastKnownFileType = wrapper.framework; name = OpenGL.framework; path = System/Library/Frameworks/OpenGL.framework; sourceTree = SDKROOT; };
		B54F9D991A10399D00F550EA /* io.c */ = {isa = PBXFileReference; fileEncoding = 4; lastKnownFileType = sourcecode.c.c; path = io.c; sourceTree = "<group>"; };
		B54F9D9A1A10399D00F550EA /* io.h */ = {isa = PBXFileReference; fileEncoding = 4; lastKnownFileType = sourcecode.c.h; path = io.h; sourceTree = "<group>"; };
		B54F9D9B1A10399D00F550EA /* types.h */ = {isa = PBXFileReference; fileEncoding = 4; lastKnownFileType = sourcecode.c.h; path = types.h; sourceTree = "<group>"; };
		B54F9D9C1A10399D00F550EA /* main.c */ = {isa = PBXFileReference; fileEncoding = 4; lastKnownFileType = sourcecode.c.c; name = main.c; path = DifViewer/main.c; sourceTree = SOURCE_ROOT; };
		B54F9D9E1A10399D00F550EA /* aiSpecialNode.c */ = {isa = PBXFileReference; fileEncoding = 4; lastKnownFileType = sourcecode.c.c; path = aiSpecialNode.c; sourceTree = "<group>"; };
		B54F9D9F1A10399D00F550EA /* aiSpecialNode.h */ = {isa = PBXFileReference; fileEncoding = 4; lastKnownFileType = sourcecode.c.h; path = aiSpecialNode.h; sourceTree = "<group>"; };
		B54F9DA01A10399D00F550EA /* dif.c */ = {isa = PBXFileReference; fileEncoding = 4; lastKnownFileType = sourcecode.c.c; path = dif.c; sourceTree = "<group>"; };
		B54F9DA11A10399D00F550EA /* dif.h */ = {isa = PBXFileReference; fileEncoding = 4; lastKnownFileType = sourcecode.c.h; path = dif.h; sourceTree = "<group>"; };
		B54F9DA21A10399D00F550EA /* forceField.c */ = {isa = PBXFileReference; fileEncoding = 4; lastKnownFileType = sourcecode.c.c; path = forceField.c; sourceTree = "<group>"; };
		B54F9DA31A10399D00F550EA /* forceField.h */ = {isa = PBXFileReference; fileEncoding = 4; lastKnownFileType = sourcecode.c.h; path = forceField.h; sourceTree = "<group>"; };
		B54F9DA41A10399D00F550EA /* gameEntity.c */ = {isa = PBXFileReference; fileEncoding = 4; lastKnownFileType = sourcecode.c.c; path = gameEntity.c; sourceTree = "<group>"; };
		B54F9DA51A10399D00F550EA /* gameEntity.h */ = {isa = PBXFileReference; fileEncoding = 4; lastKnownFileType = sourcecode.c.h; path = gameEntity.h; sourceTree = "<group>"; };
		B54F9DA61A10399D00F550EA /* interior.c */ = {isa = PBXFileReference; fileEncoding = 4; lastKnownFileType = sourcecode.c.c; path = interior.c; sourceTree = "<group>"; };
		B54F9DA71A10399D00F550EA /* interior.h */ = {isa = PBXFileReference; fileEncoding = 4; lastKnownFileType = sourcecode.c.h; path = interior.h; sourceTree = "<group>"; };
		B54F9DA81A10399D00F550EA /* interiorPathFollower.c */ = {isa = PBXFileReference; fileEncoding = 4; lastKnownFileType = sourcecode.c.c; path = interiorPathFollower.c; sourceTree = "<group>"; };
		B54F9DA91A10399D00F550EA /* interiorPathFollower.h */ = {isa = PBXFileReference; fileEncoding = 4; lastKnownFileType = sourcecode.c.h; path = interiorPathFollower.h; sourceTree = "<group>"; };
		B54F9DAA1A10399D00F550EA /* trigger.c */ = {isa = PBXFileReference; fileEncoding = 4; lastKnownFileType = sourcecode.c.c; path = trigger.c; sourceTree = "<group>"; };
		B54F9DAB1A10399D00F550EA /* trigger.h */ = {isa = PBXFileReference; fileEncoding = 4; lastKnownFileType = sourcecode.c.h; path = trigger.h; sourceTree = "<group>"; };
		B54F9DAC1A10399D00F550EA /* vehicleCollision.c */ = {isa = PBXFileReference; fileEncoding = 4; lastKnownFileType = sourcecode.c.c; path = vehicleCollision.c; sourceTree = "<group>"; };
		B54F9DAD1A10399D00F550EA /* vehicleCollision.h */ = {isa = PBXFileReference; fileEncoding = 4; lastKnownFileType = sourcecode.c.h; path = vehicleCollision.h; sourceTree = "<group>"; };
		B5BF4D631A0BF42900BF0956 /* DifThing */ = {isa = PBXFileReference; explicitFileType = "compiled.mach-o.executable"; includeInIndex = 0; path = DifThing; sourceTree = BUILT_PRODUCTS_DIR; };
		B5D92CA61A100DD7000A36CB /* SDL2.framework */ = {isa = PBXFileReference; lastKnownFileType = wrapper.framework; name = SDL2.framework; path = ../../../../Library/Frameworks/SDL2.framework; sourceTree = "<group>"; };
/* End PBXFileReference section */

/* Begin PBXFrameworksBuildPhase section */
		B5BF4D601A0BF42900BF0956 /* Frameworks */ = {
			isa = PBXFrameworksBuildPhase;
			buildActionMask = 2147483647;
			files = (
				B5099DAF1A10127F0005DAC6 /* OpenGL.framework in Frameworks */,
				B5D92CA71A100DD7000A36CB /* SDL2.framework in Frameworks */,
			);
			runOnlyForDeploymentPostprocessing = 0;
		};
/* End PBXFrameworksBuildPhase section */

/* Begin PBXGroup section */
		B54F9D981A10399D00F550EA /* base */ = {
			isa = PBXGroup;
			children = (
				B54F9D991A10399D00F550EA /* io.c */,
				B54F9D9A1A10399D00F550EA /* io.h */,
				B54F9D9B1A10399D00F550EA /* types.h */,
			);
			name = base;
			path = DifViewer/base;
			sourceTree = SOURCE_ROOT;
		};
		B54F9D9D1A10399D00F550EA /* objects */ = {
			isa = PBXGroup;
			children = (
				B54F9D9E1A10399D00F550EA /* aiSpecialNode.c */,
				B54F9D9F1A10399D00F550EA /* aiSpecialNode.h */,
				B54F9DA01A10399D00F550EA /* dif.c */,
				B54F9DA11A10399D00F550EA /* dif.h */,
				B54F9DA21A10399D00F550EA /* forceField.c */,
				B54F9DA31A10399D00F550EA /* forceField.h */,
				B54F9DA41A10399D00F550EA /* gameEntity.c */,
				B54F9DA51A10399D00F550EA /* gameEntity.h */,
				B54F9DA61A10399D00F550EA /* interior.c */,
				B54F9DA71A10399D00F550EA /* interior.h */,
				B54F9DA81A10399D00F550EA /* interiorPathFollower.c */,
				B54F9DA91A10399D00F550EA /* interiorPathFollower.h */,
				B54F9DAA1A10399D00F550EA /* trigger.c */,
				B54F9DAB1A10399D00F550EA /* trigger.h */,
				B54F9DAC1A10399D00F550EA /* vehicleCollision.c */,
				B54F9DAD1A10399D00F550EA /* vehicleCollision.h */,
			);
			name = objects;
			path = DifViewer/objects;
			sourceTree = SOURCE_ROOT;
		};
		B5BF4D5A1A0BF42900BF0956 = {
			isa = PBXGroup;
			children = (
				B5BF4D651A0BF42900BF0956 /* DifViewer */,
				B5099DAE1A10127F0005DAC6 /* OpenGL.framework */,
				B5D92CA61A100DD7000A36CB /* SDL2.framework */,
				B5BF4D641A0BF42900BF0956 /* Products */,
			);
			sourceTree = "<group>";
		};
		B5BF4D641A0BF42900BF0956 /* Products */ = {
			isa = PBXGroup;
			children = (
				B5BF4D631A0BF42900BF0956 /* DifThing */,
			);
			name = Products;
			sourceTree = "<group>";
		};
		B5BF4D651A0BF42900BF0956 /* DifViewer */ = {
			isa = PBXGroup;
			children = (
				B54F9D981A10399D00F550EA /* base */,
				B54F9D9C1A10399D00F550EA /* main.c */,
				B54F9D9D1A10399D00F550EA /* objects */,
			);
			name = DifViewer;
			path = DifThing;
			sourceTree = "<group>";
		};
/* End PBXGroup section */

/* Begin PBXNativeTarget section */
		B5BF4D621A0BF42900BF0956 /* DifViewer */ = {
			isa = PBXNativeTarget;
			buildConfigurationList = B5BF4D6C1A0BF42A00BF0956 /* Build configuration list for PBXNativeTarget "DifViewer" */;
			buildPhases = (
				B5BF4D5F1A0BF42900BF0956 /* Sources */,
				B5BF4D601A0BF42900BF0956 /* Frameworks */,
				B5BF4D611A0BF42900BF0956 /* CopyFiles */,
			);
			buildRules = (
			);
			dependencies = (
			);
			name = DifViewer;
			productName = DifThing;
			productReference = B5BF4D631A0BF42900BF0956 /* DifThing */;
			productType = "com.apple.product-type.tool";
		};
/* End PBXNativeTarget section */

/* Begin PBXProject section */
		B5BF4D5B1A0BF42900BF0956 /* Project object */ = {
			isa = PBXProject;
			attributes = {
				LastUpgradeCheck = 0510;
				ORGANIZATIONNAME = CouleeApps;
			};
			buildConfigurationList = B5BF4D5E1A0BF42900BF0956 /* Build configuration list for PBXProject "DifViewer" */;
			compatibilityVersion = "Xcode 3.2";
			developmentRegion = English;
			hasScannedForEncodings = 0;
			knownRegions = (
				en,
			);
			mainGroup = B5BF4D5A1A0BF42900BF0956;
			productRefGroup = B5BF4D641A0BF42900BF0956 /* Products */;
			projectDirPath = "";
			projectRoot = "";
			targets = (
				B5BF4D621A0BF42900BF0956 /* DifViewer */,
			);
		};
/* End PBXProject section */

/* Begin PBXSourcesBuildPhase section */
		B5BF4D5F1A0BF42900BF0956 /* Sources */ = {
			isa = PBXSourcesBuildPhase;
			buildActionMask = 2147483647;
			files = (
				B54F9DB41A10399D00F550EA /* interior.c in Sources */,
				B54F9DAF1A10399D00F550EA /* main.c in Sources */,
				B54F9DB51A10399D00F550EA /* interiorPathFollower.c in Sources */,
				B54F9DB11A10399D00F550EA /* dif.c in Sources */,
				B54F9DB31A10399D00F550EA /* gameEntity.c in Sources */,
				B54F9DAE1A10399D00F550EA /* io.c in Sources */,
				B54F9DB21A10399D00F550EA /* forceField.c in Sources */,
				B54F9DB01A10399D00F550EA /* aiSpecialNode.c in Sources */,
				B54F9DB61A10399D00F550EA /* trigger.c in Sources */,
				B54F9DB71A10399D00F550EA /* vehicleCollision.c in Sources */,
			);
			runOnlyForDeploymentPostprocessing = 0;
		};
/* End PBXSourcesBuildPhase section */

/* Begin XCBuildConfiguration section */
		B5BF4D6A1A0BF42A00BF0956 /* Debug */ = {
			isa = XCBuildConfiguration;
			buildSettings = {
				ALWAYS_SEARCH_USER_PATHS = NO;
				CLANG_CXX_LANGUAGE_STANDARD = "gnu++0x";
				CLANG_CXX_LIBRARY = "libc++";
				CLANG_ENABLE_MODULES = YES;
				CLANG_ENABLE_OBJC_ARC = YES;
				CLANG_WARN_BOOL_CONVERSION = YES;
				CLANG_WARN_CONSTANT_CONVERSION = YES;
				CLANG_WARN_DIRECT_OBJC_ISA_USAGE = YES_ERROR;
				CLANG_WARN_EMPTY_BODY = YES;
				CLANG_WARN_ENUM_CONVERSION = YES;
				CLANG_WARN_INT_CONVERSION = YES;
				CLANG_WARN_OBJC_ROOT_CLASS = YES_ERROR;
				CLANG_WARN__DUPLICATE_METHOD_MATCH = YES;
				COPY_PHASE_STRIP = NO;
				GCC_C_LANGUAGE_STANDARD = gnu99;
				GCC_DYNAMIC_NO_PIC = NO;
				GCC_ENABLE_OBJC_EXCEPTIONS = YES;
				GCC_OPTIMIZATION_LEVEL = 0;
				GCC_PREPROCESSOR_DEFINITIONS = (
					"DEBUG=1",
					"$(inherited)",
				);
				GCC_SYMBOLS_PRIVATE_EXTERN = NO;
				GCC_WARN_64_TO_32_BIT_CONVERSION = YES;
				GCC_WARN_ABOUT_RETURN_TYPE = YES_ERROR;
				GCC_WARN_UNDECLARED_SELECTOR = YES;
				GCC_WARN_UNINITIALIZED_AUTOS = YES_AGGRESSIVE;
				GCC_WARN_UNUSED_FUNCTION = YES;
				GCC_WARN_UNUSED_VARIABLE = YES;
				MACOSX_DEPLOYMENT_TARGET = 10.10;
				ONLY_ACTIVE_ARCH = YES;
				SDKROOT = macosx;
			};
			name = Debug;
		};
		B5BF4D6B1A0BF42A00BF0956 /* Release */ = {
			isa = XCBuildConfiguration;
			buildSettings = {
				ALWAYS_SEARCH_USER_PATHS = NO;
				CLANG_CXX_LANGUAGE_STANDARD = "gnu++0x";
				CLANG_CXX_LIBRARY = "libc++";
				CLANG_ENABLE_MODULES = YES;
				CLANG_ENABLE_OBJC_ARC = YES;
				CLANG_WARN_BOOL_CONVERSION = YES;
				CLANG_WARN_CONSTANT_CONVERSION = YES;
				CLANG_WARN_DIRECT_OBJC_ISA_USAGE = YES_ERROR;
				CLANG_WARN_EMPTY_BODY = YES;
				CLANG_WARN_ENUM_CONVERSION = YES;
				CLANG_WARN_INT_CONVERSION = YES;
				CLANG_WARN_OBJC_ROOT_CLASS = YES_ERROR;
				CLANG_WARN__DUPLICATE_METHOD_MATCH = YES;
				COPY_PHASE_STRIP = YES;
				DEBUG_INFORMATION_FORMAT = "dwarf-with-dsym";
				ENABLE_NS_ASSERTIONS = NO;
				GCC_C_LANGUAGE_STANDARD = gnu99;
				GCC_ENABLE_OBJC_EXCEPTIONS = YES;
				GCC_WARN_64_TO_32_BIT_CONVERSION = YES;
				GCC_WARN_ABOUT_RETURN_TYPE = YES_ERROR;
				GCC_WARN_UNDECLARED_SELECTOR = YES;
				GCC_WARN_UNINITIALIZED_AUTOS = YES_AGGRESSIVE;
				GCC_WARN_UNUSED_FUNCTION = YES;
				GCC_WARN_UNUSED_VARIABLE = YES;
				MACOSX_DEPLOYMENT_TARGET = 10.10;
				SDKROOT = macosx;
			};
			name = Release;
		};
		B5BF4D6D1A0BF42A00BF0956 /* Debug */ = {
			isa = XCBuildConfiguration;
			buildSettings = {
				FRAMEWORK_SEARCH_PATHS = (
					"$(inherited)",
					"$(LOCAL_LIBRARY_DIR)/Frameworks",
				);
				MACOSX_DEPLOYMENT_TARGET = 10.9;
				PRODUCT_NAME = "$(TARGET_NAME)";
			};
			name = Debug;
		};
		B5BF4D6E1A0BF42A00BF0956 /* Release */ = {
			isa = XCBuildConfiguration;
			buildSettings = {
				FRAMEWORK_SEARCH_PATHS = (
					"$(inherited)",
					"$(LOCAL_LIBRARY_DIR)/Frameworks",
				);
				MACOSX_DEPLOYMENT_TARGET = 10.9;
				PRODUCT_NAME = "$(TARGET_NAME)";
			};
			name = Release;
		};
/* End XCBuildConfiguration section */

/* Begin XCConfigurationList section */
		B5BF4D5E1A0BF42900BF0956 /* Build configuration list for PBXProject "DifViewer" */ = {
			isa = XCConfigurationList;
			buildConfigurations = (
				B5BF4D6A1A0BF42A00BF0956 /* Debug */,
				B5BF4D6B1A0BF42A00BF0956 /* Release */,
			);
			defaultConfigurationIsVisible = 0;
			defaultConfigurationName = Release;
		};
		B5BF4D6C1A0BF42A00BF0956 /* Build configuration list for PBXNativeTarget "DifViewer" */ = {
			isa = XCConfigurationList;
			buildConfigurations = (
				B5BF4D6D1A0BF42A00BF0956 /* Debug */,
				B5BF4D6E1A0BF42A00BF0956 /* Release */,
			);
			defaultConfigurationIsVisible = 0;
			defaultConfigurationName = Release;
		};
/* End XCConfigurationList section */
	};
	rootObject = B5BF4D5B1A0BF42900BF0956 /* Project object */;
}
